// !$*UTF8*$!
{
	archiveVersion = 1;
	classes = {
	};
	objectVersion = 51;
	objects = {

/* Begin PBXBuildFile section */
		A9064981E479FFC786335302 /* Pods_TrailogIOS.framework in Frameworks */ = {isa = PBXBuildFile; fileRef = D3A906F449C714C66A96D678 /* Pods_TrailogIOS.framework */; };
		B35CB6E9272255680006C139 /* AppDelegate.swift in Sources */ = {isa = PBXBuildFile; fileRef = B35CB6E8272255680006C139 /* AppDelegate.swift */; };
		B35CB6EB272255680006C139 /* SceneDelegate.swift in Sources */ = {isa = PBXBuildFile; fileRef = B35CB6EA272255680006C139 /* SceneDelegate.swift */; };
		B35CB6ED272255680006C139 /* ViewController.swift in Sources */ = {isa = PBXBuildFile; fileRef = B35CB6EC272255680006C139 /* ViewController.swift */; };
		B35CB6F0272255680006C139 /* Main.storyboard in Resources */ = {isa = PBXBuildFile; fileRef = B35CB6EE272255680006C139 /* Main.storyboard */; };
		B35CB6F5272255690006C139 /* LaunchScreen.storyboard in Resources */ = {isa = PBXBuildFile; fileRef = B35CB6F3272255690006C139 /* LaunchScreen.storyboard */; };
		B35CB6FD27225DAA0006C139 /* GoogleService-Info.plist in Resources */ = {isa = PBXBuildFile; fileRef = B35CB6FC27225DAA0006C139 /* GoogleService-Info.plist */; };
		B35CB6FF27225DC20006C139 /* Assets.xcassets in Resources */ = {isa = PBXBuildFile; fileRef = B35CB6FE27225DC20006C139 /* Assets.xcassets */; };
		B35CB70827225DE40006C139 /* SemiModalDismissInteractiveTransition.swift in Sources */ = {isa = PBXBuildFile; fileRef = B35CB70127225DE40006C139 /* SemiModalDismissInteractiveTransition.swift */; };
		B35CB70927225DE40006C139 /* SemiModalPresenter.swift in Sources */ = {isa = PBXBuildFile; fileRef = B35CB70227225DE40006C139 /* SemiModalPresenter.swift */; };
		B35CB70A27225DE40006C139 /* SemiModalDismissAnimatedTransition.swift in Sources */ = {isa = PBXBuildFile; fileRef = B35CB70327225DE40006C139 /* SemiModalDismissAnimatedTransition.swift */; };
		B35CB70B27225DE40006C139 /* SemiModalOverlayView.swift in Sources */ = {isa = PBXBuildFile; fileRef = B35CB70427225DE40006C139 /* SemiModalOverlayView.swift */; };
		B35CB70C27225DE40006C139 /* SemiModalPresentationController.swift in Sources */ = {isa = PBXBuildFile; fileRef = B35CB70627225DE40006C139 /* SemiModalPresentationController.swift */; };
		B35CB70D27225DE40006C139 /* SemiModalIndicatorView.swift in Sources */ = {isa = PBXBuildFile; fileRef = B35CB70727225DE40006C139 /* SemiModalIndicatorView.swift */; };
/* End PBXBuildFile section */

/* Begin PBXFileReference section */
		A61118C0918EF44051BDC826 /* Pods-TrailogIOS.debug.xcconfig */ = {isa = PBXFileReference; includeInIndex = 1; lastKnownFileType = text.xcconfig; name = "Pods-TrailogIOS.debug.xcconfig"; path = "Target Support Files/Pods-TrailogIOS/Pods-TrailogIOS.debug.xcconfig"; sourceTree = "<group>"; };
		B35CB6E5272255680006C139 /* TrailogIOS.app */ = {isa = PBXFileReference; explicitFileType = wrapper.application; includeInIndex = 0; path = TrailogIOS.app; sourceTree = BUILT_PRODUCTS_DIR; };
		B35CB6E8272255680006C139 /* AppDelegate.swift */ = {isa = PBXFileReference; lastKnownFileType = sourcecode.swift; path = AppDelegate.swift; sourceTree = "<group>"; };
		B35CB6EA272255680006C139 /* SceneDelegate.swift */ = {isa = PBXFileReference; lastKnownFileType = sourcecode.swift; path = SceneDelegate.swift; sourceTree = "<group>"; };
		B35CB6EC272255680006C139 /* ViewController.swift */ = {isa = PBXFileReference; lastKnownFileType = sourcecode.swift; path = ViewController.swift; sourceTree = "<group>"; };
		B35CB6EF272255680006C139 /* Base */ = {isa = PBXFileReference; lastKnownFileType = file.storyboard; name = Base; path = Base.lproj/Main.storyboard; sourceTree = "<group>"; };
		B35CB6F4272255690006C139 /* Base */ = {isa = PBXFileReference; lastKnownFileType = file.storyboard; name = Base; path = Base.lproj/LaunchScreen.storyboard; sourceTree = "<group>"; };
		B35CB6F6272255690006C139 /* Info.plist */ = {isa = PBXFileReference; lastKnownFileType = text.plist.xml; path = Info.plist; sourceTree = "<group>"; };
		B35CB6FC27225DAA0006C139 /* GoogleService-Info.plist */ = {isa = PBXFileReference; fileEncoding = 4; lastKnownFileType = text.plist.xml; path = "GoogleService-Info.plist"; sourceTree = "<group>"; };
		B35CB6FE27225DC20006C139 /* Assets.xcassets */ = {isa = PBXFileReference; lastKnownFileType = folder.assetcatalog; path = Assets.xcassets; sourceTree = "<group>"; };
		B35CB70127225DE40006C139 /* SemiModalDismissInteractiveTransition.swift */ = {isa = PBXFileReference; fileEncoding = 4; lastKnownFileType = sourcecode.swift; path = SemiModalDismissInteractiveTransition.swift; sourceTree = "<group>"; };
		B35CB70227225DE40006C139 /* SemiModalPresenter.swift */ = {isa = PBXFileReference; fileEncoding = 4; lastKnownFileType = sourcecode.swift; path = SemiModalPresenter.swift; sourceTree = "<group>"; };
		B35CB70327225DE40006C139 /* SemiModalDismissAnimatedTransition.swift */ = {isa = PBXFileReference; fileEncoding = 4; lastKnownFileType = sourcecode.swift; path = SemiModalDismissAnimatedTransition.swift; sourceTree = "<group>"; };
		B35CB70427225DE40006C139 /* SemiModalOverlayView.swift */ = {isa = PBXFileReference; fileEncoding = 4; lastKnownFileType = sourcecode.swift; path = SemiModalOverlayView.swift; sourceTree = "<group>"; };
		B35CB70527225DE40006C139 /* SemiModal.h */ = {isa = PBXFileReference; fileEncoding = 4; lastKnownFileType = sourcecode.c.h; path = SemiModal.h; sourceTree = "<group>"; };
		B35CB70627225DE40006C139 /* SemiModalPresentationController.swift */ = {isa = PBXFileReference; fileEncoding = 4; lastKnownFileType = sourcecode.swift; path = SemiModalPresentationController.swift; sourceTree = "<group>"; };
		B35CB70727225DE40006C139 /* SemiModalIndicatorView.swift */ = {isa = PBXFileReference; fileEncoding = 4; lastKnownFileType = sourcecode.swift; path = SemiModalIndicatorView.swift; sourceTree = "<group>"; };
		D3A906F449C714C66A96D678 /* Pods_TrailogIOS.framework */ = {isa = PBXFileReference; explicitFileType = wrapper.framework; includeInIndex = 0; path = Pods_TrailogIOS.framework; sourceTree = BUILT_PRODUCTS_DIR; };
		E123B1AAC54C3785C84A5AF2 /* Pods-TrailogIOS.release.xcconfig */ = {isa = PBXFileReference; includeInIndex = 1; lastKnownFileType = text.xcconfig; name = "Pods-TrailogIOS.release.xcconfig"; path = "Target Support Files/Pods-TrailogIOS/Pods-TrailogIOS.release.xcconfig"; sourceTree = "<group>"; };
/* End PBXFileReference section */

/* Begin PBXFrameworksBuildPhase section */
		B35CB6E2272255680006C139 /* Frameworks */ = {
			isa = PBXFrameworksBuildPhase;
			buildActionMask = 2147483647;
			files = (
				A9064981E479FFC786335302 /* Pods_TrailogIOS.framework in Frameworks */,
			);
			runOnlyForDeploymentPostprocessing = 0;
		};
/* End PBXFrameworksBuildPhase section */

/* Begin PBXGroup section */
		161460646AF4C9A295A17B2F /* Pods */ = {
			isa = PBXGroup;
			children = (
				A61118C0918EF44051BDC826 /* Pods-TrailogIOS.debug.xcconfig */,
				E123B1AAC54C3785C84A5AF2 /* Pods-TrailogIOS.release.xcconfig */,
			);
			path = Pods;
			sourceTree = "<group>";
		};
		19DEF38F334657D2509C4790 /* Frameworks */ = {
			isa = PBXGroup;
			children = (
				D3A906F449C714C66A96D678 /* Pods_TrailogIOS.framework */,
			);
			name = Frameworks;
			sourceTree = "<group>";
		};
		B35CB6DC272255680006C139 = {
			isa = PBXGroup;
			children = (
				B35CB6E7272255680006C139 /* TrailogIOS */,
				B35CB6E6272255680006C139 /* Products */,
				161460646AF4C9A295A17B2F /* Pods */,
				19DEF38F334657D2509C4790 /* Frameworks */,
			);
			sourceTree = "<group>";
		};
		B35CB6E6272255680006C139 /* Products */ = {
			isa = PBXGroup;
			children = (
				B35CB6E5272255680006C139 /* TrailogIOS.app */,
			);
			name = Products;
			sourceTree = "<group>";
		};
		B35CB6E7272255680006C139 /* TrailogIOS */ = {
			isa = PBXGroup;
			children = (
				B35CB70027225DE40006C139 /* SemiModal */,
				B35CB6FE27225DC20006C139 /* Assets.xcassets */,
				B35CB6FC27225DAA0006C139 /* GoogleService-Info.plist */,
				B35CB6E8272255680006C139 /* AppDelegate.swift */,
				B35CB6EA272255680006C139 /* SceneDelegate.swift */,
				B35CB6EC272255680006C139 /* ViewController.swift */,
				B35CB6EE272255680006C139 /* Main.storyboard */,
				B35CB6F3272255690006C139 /* LaunchScreen.storyboard */,
				B35CB6F6272255690006C139 /* Info.plist */,
			);
			path = TrailogIOS;
			sourceTree = "<group>";
		};
		B35CB70027225DE40006C139 /* SemiModal */ = {
			isa = PBXGroup;
			children = (
				B35CB70127225DE40006C139 /* SemiModalDismissInteractiveTransition.swift */,
				B35CB70227225DE40006C139 /* SemiModalPresenter.swift */,
				B35CB70327225DE40006C139 /* SemiModalDismissAnimatedTransition.swift */,
				B35CB70427225DE40006C139 /* SemiModalOverlayView.swift */,
				B35CB70527225DE40006C139 /* SemiModal.h */,
				B35CB70627225DE40006C139 /* SemiModalPresentationController.swift */,
				B35CB70727225DE40006C139 /* SemiModalIndicatorView.swift */,
			);
			path = SemiModal;
			sourceTree = "<group>";
		};
/* End PBXGroup section */

/* Begin PBXNativeTarget section */
		B35CB6E4272255680006C139 /* TrailogIOS */ = {
			isa = PBXNativeTarget;
			buildConfigurationList = B35CB6F9272255690006C139 /* Build configuration list for PBXNativeTarget "TrailogIOS" */;
			buildPhases = (
				D258A1F7D6AF4C8ACE64D7CC /* [CP] Check Pods Manifest.lock */,
				B35CB6E1272255680006C139 /* Sources */,
				B35CB6E2272255680006C139 /* Frameworks */,
				B35CB6E3272255680006C139 /* Resources */,
				7E923D8E403BBC58299384E2 /* [CP] Embed Pods Frameworks */,
			);
			buildRules = (
			);
			dependencies = (
			);
			name = TrailogIOS;
			productName = TrailogIOS;
			productReference = B35CB6E5272255680006C139 /* TrailogIOS.app */;
			productType = "com.apple.product-type.application";
		};
/* End PBXNativeTarget section */

/* Begin PBXProject section */
		B35CB6DD272255680006C139 /* Project object */ = {
			isa = PBXProject;
			attributes = {
				LastSwiftUpdateCheck = 1250;
				LastUpgradeCheck = 1250;
				TargetAttributes = {
					B35CB6E4272255680006C139 = {
						CreatedOnToolsVersion = 12.5.1;
					};
				};
			};
			buildConfigurationList = B35CB6E0272255680006C139 /* Build configuration list for PBXProject "TrailogIOS" */;
			compatibilityVersion = "Xcode 9.3";
			developmentRegion = en;
			hasScannedForEncodings = 0;
			knownRegions = (
				en,
				Base,
			);
			mainGroup = B35CB6DC272255680006C139;
			productRefGroup = B35CB6E6272255680006C139 /* Products */;
			projectDirPath = "";
			projectRoot = "";
			targets = (
				B35CB6E4272255680006C139 /* TrailogIOS */,
			);
		};
/* End PBXProject section */

/* Begin PBXResourcesBuildPhase section */
		B35CB6E3272255680006C139 /* Resources */ = {
			isa = PBXResourcesBuildPhase;
			buildActionMask = 2147483647;
			files = (
				B35CB6F5272255690006C139 /* LaunchScreen.storyboard in Resources */,
				B35CB6FD27225DAA0006C139 /* GoogleService-Info.plist in Resources */,
				B35CB6FF27225DC20006C139 /* Assets.xcassets in Resources */,
				B35CB6F0272255680006C139 /* Main.storyboard in Resources */,
			);
			runOnlyForDeploymentPostprocessing = 0;
		};
/* End PBXResourcesBuildPhase section */

/* Begin PBXShellScriptBuildPhase section */
		7E923D8E403BBC58299384E2 /* [CP] Embed Pods Frameworks */ = {
			isa = PBXShellScriptBuildPhase;
			buildActionMask = 2147483647;
			files = (
			);
			inputFileListPaths = (
				"${PODS_ROOT}/Target Support Files/Pods-TrailogIOS/Pods-TrailogIOS-frameworks-${CONFIGURATION}-input-files.xcfilelist",
			);
			name = "[CP] Embed Pods Frameworks";
			outputFileListPaths = (
				"${PODS_ROOT}/Target Support Files/Pods-TrailogIOS/Pods-TrailogIOS-frameworks-${CONFIGURATION}-output-files.xcfilelist",
			);
			runOnlyForDeploymentPostprocessing = 0;
			shellPath = /bin/sh;
			shellScript = "\"${PODS_ROOT}/Target Support Files/Pods-TrailogIOS/Pods-TrailogIOS-frameworks.sh\"\n";
			showEnvVarsInLog = 0;
		};
		D258A1F7D6AF4C8ACE64D7CC /* [CP] Check Pods Manifest.lock */ = {
			isa = PBXShellScriptBuildPhase;
			buildActionMask = 2147483647;
			files = (
			);
			inputFileListPaths = (
			);
			inputPaths = (
				"${PODS_PODFILE_DIR_PATH}/Podfile.lock",
				"${PODS_ROOT}/Manifest.lock",
			);
			name = "[CP] Check Pods Manifest.lock";
			outputFileListPaths = (
			);
			outputPaths = (
				"$(DERIVED_FILE_DIR)/Pods-TrailogIOS-checkManifestLockResult.txt",
			);
			runOnlyForDeploymentPostprocessing = 0;
			shellPath = /bin/sh;
			shellScript = "diff \"${PODS_PODFILE_DIR_PATH}/Podfile.lock\" \"${PODS_ROOT}/Manifest.lock\" > /dev/null\nif [ $? != 0 ] ; then\n    # print error to STDERR\n    echo \"error: The sandbox is not in sync with the Podfile.lock. Run 'pod install' or update your CocoaPods installation.\" >&2\n    exit 1\nfi\n# This output is used by Xcode 'outputs' to avoid re-running this script phase.\necho \"SUCCESS\" > \"${SCRIPT_OUTPUT_FILE_0}\"\n";
			showEnvVarsInLog = 0;
		};
/* End PBXShellScriptBuildPhase section */

/* Begin PBXSourcesBuildPhase section */
		B35CB6E1272255680006C139 /* Sources */ = {
			isa = PBXSourcesBuildPhase;
			buildActionMask = 2147483647;
			files = (
				B35CB70B27225DE40006C139 /* SemiModalOverlayView.swift in Sources */,
				B35CB70D27225DE40006C139 /* SemiModalIndicatorView.swift in Sources */,
				B35CB6ED272255680006C139 /* ViewController.swift in Sources */,
				B35CB6E9272255680006C139 /* AppDelegate.swift in Sources */,
				B35CB70C27225DE40006C139 /* SemiModalPresentationController.swift in Sources */,
				B35CB70A27225DE40006C139 /* SemiModalDismissAnimatedTransition.swift in Sources */,
				B35CB70827225DE40006C139 /* SemiModalDismissInteractiveTransition.swift in Sources */,
				B35CB6EB272255680006C139 /* SceneDelegate.swift in Sources */,
				B35CB70927225DE40006C139 /* SemiModalPresenter.swift in Sources */,
			);
			runOnlyForDeploymentPostprocessing = 0;
		};
/* End PBXSourcesBuildPhase section */

/* Begin PBXVariantGroup section */
		B35CB6EE272255680006C139 /* Main.storyboard */ = {
			isa = PBXVariantGroup;
			children = (
				B35CB6EF272255680006C139 /* Base */,
			);
			name = Main.storyboard;
			sourceTree = "<group>";
		};
		B35CB6F3272255690006C139 /* LaunchScreen.storyboard */ = {
			isa = PBXVariantGroup;
			children = (
				B35CB6F4272255690006C139 /* Base */,
			);
			name = LaunchScreen.storyboard;
			sourceTree = "<group>";
		};
/* End PBXVariantGroup section */

/* Begin XCBuildConfiguration section */
		B35CB6F7272255690006C139 /* Debug */ = {
			isa = XCBuildConfiguration;
			buildSettings = {
				ALWAYS_SEARCH_USER_PATHS = NO;
				CLANG_ANALYZER_NONNULL = YES;
				CLANG_ANALYZER_NUMBER_OBJECT_CONVERSION = YES_AGGRESSIVE;
				CLANG_CXX_LANGUAGE_STANDARD = "gnu++14";
				CLANG_CXX_LIBRARY = "libc++";
				CLANG_ENABLE_MODULES = YES;
				CLANG_ENABLE_OBJC_ARC = YES;
				CLANG_ENABLE_OBJC_WEAK = YES;
				CLANG_WARN_BLOCK_CAPTURE_AUTORELEASING = YES;
				CLANG_WARN_BOOL_CONVERSION = YES;
				CLANG_WARN_COMMA = YES;
				CLANG_WARN_CONSTANT_CONVERSION = YES;
				CLANG_WARN_DEPRECATED_OBJC_IMPLEMENTATIONS = YES;
				CLANG_WARN_DIRECT_OBJC_ISA_USAGE = YES_ERROR;
				CLANG_WARN_DOCUMENTATION_COMMENTS = YES;
				CLANG_WARN_EMPTY_BODY = YES;
				CLANG_WARN_ENUM_CONVERSION = YES;
				CLANG_WARN_INFINITE_RECURSION = YES;
				CLANG_WARN_INT_CONVERSION = YES;
				CLANG_WARN_NON_LITERAL_NULL_CONVERSION = YES;
				CLANG_WARN_OBJC_IMPLICIT_RETAIN_SELF = YES;
				CLANG_WARN_OBJC_LITERAL_CONVERSION = YES;
				CLANG_WARN_OBJC_ROOT_CLASS = YES_ERROR;
				CLANG_WARN_QUOTED_INCLUDE_IN_FRAMEWORK_HEADER = YES;
				CLANG_WARN_RANGE_LOOP_ANALYSIS = YES;
				CLANG_WARN_STRICT_PROTOTYPES = YES;
				CLANG_WARN_SUSPICIOUS_MOVE = YES;
				CLANG_WARN_UNGUARDED_AVAILABILITY = YES_AGGRESSIVE;
				CLANG_WARN_UNREACHABLE_CODE = YES;
				CLANG_WARN__DUPLICATE_METHOD_MATCH = YES;
				COPY_PHASE_STRIP = NO;
				DEBUG_INFORMATION_FORMAT = dwarf;
				ENABLE_STRICT_OBJC_MSGSEND = YES;
				ENABLE_TESTABILITY = YES;
				GCC_C_LANGUAGE_STANDARD = gnu11;
				GCC_DYNAMIC_NO_PIC = NO;
				GCC_NO_COMMON_BLOCKS = YES;
				GCC_OPTIMIZATION_LEVEL = 0;
				GCC_PREPROCESSOR_DEFINITIONS = (
					"DEBUG=1",
					"$(inherited)",
				);
				GCC_WARN_64_TO_32_BIT_CONVERSION = YES;
				GCC_WARN_ABOUT_RETURN_TYPE = YES_ERROR;
				GCC_WARN_UNDECLARED_SELECTOR = YES;
				GCC_WARN_UNINITIALIZED_AUTOS = YES_AGGRESSIVE;
				GCC_WARN_UNUSED_FUNCTION = YES;
				GCC_WARN_UNUSED_VARIABLE = YES;
				IPHONEOS_DEPLOYMENT_TARGET = 14.5;
				MTL_ENABLE_DEBUG_INFO = INCLUDE_SOURCE;
				MTL_FAST_MATH = YES;
				ONLY_ACTIVE_ARCH = YES;
				SDKROOT = iphoneos;
				SWIFT_ACTIVE_COMPILATION_CONDITIONS = DEBUG;
				SWIFT_OPTIMIZATION_LEVEL = "-Onone";
			};
			name = Debug;
		};
		B35CB6F8272255690006C139 /* Release */ = {
			isa = XCBuildConfiguration;
			buildSettings = {
				ALWAYS_SEARCH_USER_PATHS = NO;
				CLANG_ANALYZER_NONNULL = YES;
				CLANG_ANALYZER_NUMBER_OBJECT_CONVERSION = YES_AGGRESSIVE;
				CLANG_CXX_LANGUAGE_STANDARD = "gnu++14";
				CLANG_CXX_LIBRARY = "libc++";
				CLANG_ENABLE_MODULES = YES;
				CLANG_ENABLE_OBJC_ARC = YES;
				CLANG_ENABLE_OBJC_WEAK = YES;
				CLANG_WARN_BLOCK_CAPTURE_AUTORELEASING = YES;
				CLANG_WARN_BOOL_CONVERSION = YES;
				CLANG_WARN_COMMA = YES;
				CLANG_WARN_CONSTANT_CONVERSION = YES;
				CLANG_WARN_DEPRECATED_OBJC_IMPLEMENTATIONS = YES;
				CLANG_WARN_DIRECT_OBJC_ISA_USAGE = YES_ERROR;
				CLANG_WARN_DOCUMENTATION_COMMENTS = YES;
				CLANG_WARN_EMPTY_BODY = YES;
				CLANG_WARN_ENUM_CONVERSION = YES;
				CLANG_WARN_INFINITE_RECURSION = YES;
				CLANG_WARN_INT_CONVERSION = YES;
				CLANG_WARN_NON_LITERAL_NULL_CONVERSION = YES;
				CLANG_WARN_OBJC_IMPLICIT_RETAIN_SELF = YES;
				CLANG_WARN_OBJC_LITERAL_CONVERSION = YES;
				CLANG_WARN_OBJC_ROOT_CLASS = YES_ERROR;
				CLANG_WARN_QUOTED_INCLUDE_IN_FRAMEWORK_HEADER = YES;
				CLANG_WARN_RANGE_LOOP_ANALYSIS = YES;
				CLANG_WARN_STRICT_PROTOTYPES = YES;
				CLANG_WARN_SUSPICIOUS_MOVE = YES;
				CLANG_WARN_UNGUARDED_AVAILABILITY = YES_AGGRESSIVE;
				CLANG_WARN_UNREACHABLE_CODE = YES;
				CLANG_WARN__DUPLICATE_METHOD_MATCH = YES;
				COPY_PHASE_STRIP = NO;
				DEBUG_INFORMATION_FORMAT = "dwarf-with-dsym";
				ENABLE_NS_ASSERTIONS = NO;
				ENABLE_STRICT_OBJC_MSGSEND = YES;
				GCC_C_LANGUAGE_STANDARD = gnu11;
				GCC_NO_COMMON_BLOCKS = YES;
				GCC_WARN_64_TO_32_BIT_CONVERSION = YES;
				GCC_WARN_ABOUT_RETURN_TYPE = YES_ERROR;
				GCC_WARN_UNDECLARED_SELECTOR = YES;
				GCC_WARN_UNINITIALIZED_AUTOS = YES_AGGRESSIVE;
				GCC_WARN_UNUSED_FUNCTION = YES;
				GCC_WARN_UNUSED_VARIABLE = YES;
				IPHONEOS_DEPLOYMENT_TARGET = 14.5;
				MTL_ENABLE_DEBUG_INFO = NO;
				MTL_FAST_MATH = YES;
				SDKROOT = iphoneos;
				SWIFT_COMPILATION_MODE = wholemodule;
				SWIFT_OPTIMIZATION_LEVEL = "-O";
				VALIDATE_PRODUCT = YES;
			};
			name = Release;
		};
		B35CB6FA272255690006C139 /* Debug */ = {
			isa = XCBuildConfiguration;
			baseConfigurationReference = A61118C0918EF44051BDC826 /* Pods-TrailogIOS.debug.xcconfig */;
			buildSettings = {
				ASSETCATALOG_COMPILER_APPICON_NAME = AppIcon;
				ASSETCATALOG_COMPILER_GLOBAL_ACCENT_COLOR_NAME = AccentColor;
				CODE_SIGN_STYLE = Automatic;
				DEVELOPMENT_TEAM = JNSG586Z7Q;
				INFOPLIST_FILE = TrailogIOS/Info.plist;
				LD_RUNPATH_SEARCH_PATHS = (
					"$(inherited)",
					"@executable_path/Frameworks",
				);
				PRODUCT_BUNDLE_IDENTIFIER = com.codaid.TrailogIOS;
				PRODUCT_NAME = "$(TARGET_NAME)";
				SWIFT_VERSION = 5.0;
				TARGETED_DEVICE_FAMILY = 1;
			};
			name = Debug;
		};
		B35CB6FB272255690006C139 /* Release */ = {
			isa = XCBuildConfiguration;
			baseConfigurationReference = E123B1AAC54C3785C84A5AF2 /* Pods-TrailogIOS.release.xcconfig */;
			buildSettings = {
				ASSETCATALOG_COMPILER_APPICON_NAME = AppIcon;
				ASSETCATALOG_COMPILER_GLOBAL_ACCENT_COLOR_NAME = AccentColor;
				CODE_SIGN_STYLE = Automatic;
				DEVELOPMENT_TEAM = JNSG586Z7Q;
				INFOPLIST_FILE = TrailogIOS/Info.plist;
				LD_RUNPATH_SEARCH_PATHS = (
					"$(inherited)",
					"@executable_path/Frameworks",
				);
				PRODUCT_BUNDLE_IDENTIFIER = com.codaid.TrailogIOS;
				PRODUCT_NAME = "$(TARGET_NAME)";
				SWIFT_VERSION = 5.0;
				TARGETED_DEVICE_FAMILY = 1;
			};
			name = Release;
		};
/* End XCBuildConfiguration section */

/* Begin XCConfigurationList section */
		B35CB6E0272255680006C139 /* Build configuration list for PBXProject "TrailogIOS" */ = {
			isa = XCConfigurationList;
			buildConfigurations = (
				B35CB6F7272255690006C139 /* Debug */,
				B35CB6F8272255690006C139 /* Release */,
			);
			defaultConfigurationIsVisible = 0;
			defaultConfigurationName = Release;
		};
		B35CB6F9272255690006C139 /* Build configuration list for PBXNativeTarget "TrailogIOS" */ = {
			isa = XCConfigurationList;
			buildConfigurations = (
				B35CB6FA272255690006C139 /* Debug */,
				B35CB6FB272255690006C139 /* Release */,
			);
			defaultConfigurationIsVisible = 0;
			defaultConfigurationName = Release;
		};
/* End XCConfigurationList section */
	};
	rootObject = B35CB6DD272255680006C139 /* Project object */;
}
